
Microsoft Visual Studio Solution File, Format Version 12.00
# Visual Studio Version 16
VisualStudioVersion = 16.0.31424.327
MinimumVisualStudioVersion = 10.0.40219.1
Project("{9A19103F-16F7-4668-BE54-9A1E7A4F7556}") = "ConsolePrj", "ConsolePrj\ConsolePrj.csproj", "{2E59EE8D-9017-4418-841F-621CA87FA377}"
EndProject
Project("{9A19103F-16F7-4668-BE54-9A1E7A4F7556}") = "Domain.Entities", "Domain.Entities\Domain.Entities.csproj", "{57684566-8F40-48DA-8CC5-0B316E9677D1}"
EndProject
Project("{9A19103F-16F7-4668-BE54-9A1E7A4F7556}") = "Application.UseCases", "Application.UseCases\Application.UseCases.csproj", "{A1091FDC-0464-4A83-BCB9-143AA702E002}"
EndProject
Project("{9A19103F-16F7-4668-BE54-9A1E7A4F7556}") = "Application.DTOs", "Application.DTOs\Application.DTOs.csproj", "{462B7DC2-EE34-4B62-AF13-4AF9FE83B385}"
EndProject
Project("{2150E333-8FDC-42A3-9474-1A3956D46DE8}") = "APPLICATION", "APPLICATION", "{2523C244-76E7-4F36-8C6B-3D94722D315B}"
EndProject
Project("{2150E333-8FDC-42A3-9474-1A3956D46DE8}") = "DOMAIN", "DOMAIN", "{FB244541-C06B-4C5A-B916-DEDE7B1BE2C5}"
EndProject
Project("{2150E333-8FDC-42A3-9474-1A3956D46DE8}") = "INFRA", "INFRA", "{03EFC4D4-ECC6-45AE-98CD-0550F60809C7}"
EndProject
Project("{2150E333-8FDC-42A3-9474-1A3956D46DE8}") = "PRESENTATION", "PRESENTATION", "{095C9E35-87B3-45AF-B006-9A1C8CC840FD}"
EndProject
Project("{9A19103F-16F7-4668-BE54-9A1E7A4F7556}") = "Application.UseCases.Interfaces", "Application.UseCases.Interfaces\Application.UseCases.Interfaces.csproj", "{A8920FCF-8213-4750-9C79-41E34EB41229}"
EndProject
Project("{9A19103F-16F7-4668-BE54-9A1E7A4F7556}") = "Domain.Repositories.Interfaces", "Domain.Repositories.Interfaces\Domain.Repositories.Interfaces.csproj", "{A393DDAC-A15C-4638-82FF-24CE8A0E08D6}"
EndProject
Project("{9A19103F-16F7-4668-BE54-9A1E7A4F7556}") = "Infra.Repositories", "Infra.Repositories\Infra.Repositories.csproj", "{A75FAF2A-0849-48C7-8F6F-2AE7C69E50B6}"
EndProject
Project("{FAE04EC0-301F-11D3-BF4B-00C04F79EFBC}") = "Domain.Entities.Interfaces", "Domain.Entities.Interfaces\Domain.Entities.Interfaces.csproj", "{CA62D197-44B9-432C-8FB7-F66453987CB2}"
EndProject
Project("{FAE04EC0-301F-11D3-BF4B-00C04F79EFBC}") = "Infra.Persistence", "Infra.Persistence\Infra.Persistence.csproj", "{F8813F34-0D9E-4E85-B16F-CC61E9291318}"
EndProject
Project("{FAE04EC0-301F-11D3-BF4B-00C04F79EFBC}") = "Domain.UnitsOfWork.Interfaces", "Domain.UnitsOfWork.Interfaces\Domain.UnitsOfWork.Interfaces.csproj", "{8922AB5F-AABD-4EA6-894D-B64080E4BAD6}"
EndProject
Project("{FAE04EC0-301F-11D3-BF4B-00C04F79EFBC}") = "Infra.UnitsOfWork", "Infra.UnitsOfWork\Infra.UnitsOfWork.csproj", "{14F41062-2F01-45BF-A972-38C1DCB74CB0}"
EndProject
Project("{FAE04EC0-301F-11D3-BF4B-00C04F79EFBC}") = "Domain.DataContext.Interfaces", "Domain.DataContext.Interfaces\Domain.DataContext.Interfaces.csproj", "{19E0A6AC-D5AE-4B3C-9DAE-EBABEB1CC27A}"
EndProject
Project("{FAE04EC0-301F-11D3-BF4B-00C04F79EFBC}") = "Infra.DataContext", "Infra.DataContext\Infra.DataContext.csproj", "{F0B4D7DE-0949-4CE6-B138-99F045A0C81A}"
EndProject
Global
	GlobalSection(SolutionConfigurationPlatforms) = preSolution
		Debug|Any CPU = Debug|Any CPU
		Release|Any CPU = Release|Any CPU
	EndGlobalSection
	GlobalSection(ProjectConfigurationPlatforms) = postSolution
		{2E59EE8D-9017-4418-841F-621CA87FA377}.Debug|Any CPU.ActiveCfg = Debug|Any CPU
		{2E59EE8D-9017-4418-841F-621CA87FA377}.Debug|Any CPU.Build.0 = Debug|Any CPU
		{2E59EE8D-9017-4418-841F-621CA87FA377}.Release|Any CPU.ActiveCfg = Release|Any CPU
		{2E59EE8D-9017-4418-841F-621CA87FA377}.Release|Any CPU.Build.0 = Release|Any CPU
		{57684566-8F40-48DA-8CC5-0B316E9677D1}.Debug|Any CPU.ActiveCfg = Debug|Any CPU
		{57684566-8F40-48DA-8CC5-0B316E9677D1}.Debug|Any CPU.Build.0 = Debug|Any CPU
		{57684566-8F40-48DA-8CC5-0B316E9677D1}.Release|Any CPU.ActiveCfg = Release|Any CPU
		{57684566-8F40-48DA-8CC5-0B316E9677D1}.Release|Any CPU.Build.0 = Release|Any CPU
		{A1091FDC-0464-4A83-BCB9-143AA702E002}.Debug|Any CPU.ActiveCfg = Debug|Any CPU
		{A1091FDC-0464-4A83-BCB9-143AA702E002}.Debug|Any CPU.Build.0 = Debug|Any CPU
		{A1091FDC-0464-4A83-BCB9-143AA702E002}.Release|Any CPU.ActiveCfg = Release|Any CPU
		{A1091FDC-0464-4A83-BCB9-143AA702E002}.Release|Any CPU.Build.0 = Release|Any CPU
		{462B7DC2-EE34-4B62-AF13-4AF9FE83B385}.Debug|Any CPU.ActiveCfg = Debug|Any CPU
		{462B7DC2-EE34-4B62-AF13-4AF9FE83B385}.Debug|Any CPU.Build.0 = Debug|Any CPU
		{462B7DC2-EE34-4B62-AF13-4AF9FE83B385}.Release|Any CPU.ActiveCfg = Release|Any CPU
		{462B7DC2-EE34-4B62-AF13-4AF9FE83B385}.Release|Any CPU.Build.0 = Release|Any CPU
		{A8920FCF-8213-4750-9C79-41E34EB41229}.Debug|Any CPU.ActiveCfg = Debug|Any CPU
		{A8920FCF-8213-4750-9C79-41E34EB41229}.Debug|Any CPU.Build.0 = Debug|Any CPU
		{A8920FCF-8213-4750-9C79-41E34EB41229}.Release|Any CPU.ActiveCfg = Release|Any CPU
		{A8920FCF-8213-4750-9C79-41E34EB41229}.Release|Any CPU.Build.0 = Release|Any CPU
		{A393DDAC-A15C-4638-82FF-24CE8A0E08D6}.Debug|Any CPU.ActiveCfg = Debug|Any CPU
		{A393DDAC-A15C-4638-82FF-24CE8A0E08D6}.Debug|Any CPU.Build.0 = Debug|Any CPU
		{A393DDAC-A15C-4638-82FF-24CE8A0E08D6}.Release|Any CPU.ActiveCfg = Release|Any CPU
		{A393DDAC-A15C-4638-82FF-24CE8A0E08D6}.Release|Any CPU.Build.0 = Release|Any CPU
		{A75FAF2A-0849-48C7-8F6F-2AE7C69E50B6}.Debug|Any CPU.ActiveCfg = Debug|Any CPU
		{A75FAF2A-0849-48C7-8F6F-2AE7C69E50B6}.Debug|Any CPU.Build.0 = Debug|Any CPU
		{A75FAF2A-0849-48C7-8F6F-2AE7C69E50B6}.Release|Any CPU.ActiveCfg = Release|Any CPU
		{A75FAF2A-0849-48C7-8F6F-2AE7C69E50B6}.Release|Any CPU.Build.0 = Release|Any CPU
		{CA62D197-44B9-432C-8FB7-F66453987CB2}.Debug|Any CPU.ActiveCfg = Debug|Any CPU
		{CA62D197-44B9-432C-8FB7-F66453987CB2}.Debug|Any CPU.Build.0 = Debug|Any CPU
		{CA62D197-44B9-432C-8FB7-F66453987CB2}.Release|Any CPU.ActiveCfg = Release|Any CPU
		{CA62D197-44B9-432C-8FB7-F66453987CB2}.Release|Any CPU.Build.0 = Release|Any CPU
		{F8813F34-0D9E-4E85-B16F-CC61E9291318}.Debug|Any CPU.ActiveCfg = Debug|Any CPU
		{F8813F34-0D9E-4E85-B16F-CC61E9291318}.Debug|Any CPU.Build.0 = Debug|Any CPU
		{F8813F34-0D9E-4E85-B16F-CC61E9291318}.Release|Any CPU.ActiveCfg = Release|Any CPU
		{F8813F34-0D9E-4E85-B16F-CC61E9291318}.Release|Any CPU.Build.0 = Release|Any CPU
		{8922AB5F-AABD-4EA6-894D-B64080E4BAD6}.Debug|Any CPU.ActiveCfg = Debug|Any CPU
		{8922AB5F-AABD-4EA6-894D-B64080E4BAD6}.Debug|Any CPU.Build.0 = Debug|Any CPU
		{8922AB5F-AABD-4EA6-894D-B64080E4BAD6}.Release|Any CPU.ActiveCfg = Release|Any CPU
		{8922AB5F-AABD-4EA6-894D-B64080E4BAD6}.Release|Any CPU.Build.0 = Release|Any CPU
		{14F41062-2F01-45BF-A972-38C1DCB74CB0}.Debug|Any CPU.ActiveCfg = Debug|Any CPU
		{14F41062-2F01-45BF-A972-38C1DCB74CB0}.Debug|Any CPU.Build.0 = Debug|Any CPU
		{14F41062-2F01-45BF-A972-38C1DCB74CB0}.Release|Any CPU.ActiveCfg = Release|Any CPU
		{14F41062-2F01-45BF-A972-38C1DCB74CB0}.Release|Any CPU.Build.0 = Release|Any CPU
		{19E0A6AC-D5AE-4B3C-9DAE-EBABEB1CC27A}.Debug|Any CPU.ActiveCfg = Debug|Any CPU
		{19E0A6AC-D5AE-4B3C-9DAE-EBABEB1CC27A}.Debug|Any CPU.Build.0 = Debug|Any CPU
		{19E0A6AC-D5AE-4B3C-9DAE-EBABEB1CC27A}.Release|Any CPU.ActiveCfg = Release|Any CPU
		{19E0A6AC-D5AE-4B3C-9DAE-EBABEB1CC27A}.Release|Any CPU.Build.0 = Release|Any CPU
		{F0B4D7DE-0949-4CE6-B138-99F045A0C81A}.Debug|Any CPU.ActiveCfg = Debug|Any CPU
		{F0B4D7DE-0949-4CE6-B138-99F045A0C81A}.Debug|Any CPU.Build.0 = Debug|Any CPU
		{F0B4D7DE-0949-4CE6-B138-99F045A0C81A}.Release|Any CPU.ActiveCfg = Release|Any CPU
		{F0B4D7DE-0949-4CE6-B138-99F045A0C81A}.Release|Any CPU.Build.0 = Release|Any CPU
	EndGlobalSection
	GlobalSection(SolutionProperties) = preSolution
		HideSolutionNode = FALSE
	EndGlobalSection
	GlobalSection(NestedProjects) = preSolution
		{57684566-8F40-48DA-8CC5-0B316E9677D1} = {FB244541-C06B-4C5A-B916-DEDE7B1BE2C5}
		{A1091FDC-0464-4A83-BCB9-143AA702E002} = {2523C244-76E7-4F36-8C6B-3D94722D315B}
		{462B7DC2-EE34-4B62-AF13-4AF9FE83B385} = {2523C244-76E7-4F36-8C6B-3D94722D315B}
		{A8920FCF-8213-4750-9C79-41E34EB41229} = {2523C244-76E7-4F36-8C6B-3D94722D315B}
		{A393DDAC-A15C-4638-82FF-24CE8A0E08D6} = {FB244541-C06B-4C5A-B916-DEDE7B1BE2C5}
		{A75FAF2A-0849-48C7-8F6F-2AE7C69E50B6} = {03EFC4D4-ECC6-45AE-98CD-0550F60809C7}
		{CA62D197-44B9-432C-8FB7-F66453987CB2} = {FB244541-C06B-4C5A-B916-DEDE7B1BE2C5}
		{F8813F34-0D9E-4E85-B16F-CC61E9291318} = {03EFC4D4-ECC6-45AE-98CD-0550F60809C7}
		{8922AB5F-AABD-4EA6-894D-B64080E4BAD6} = {FB244541-C06B-4C5A-B916-DEDE7B1BE2C5}
		{14F41062-2F01-45BF-A972-38C1DCB74CB0} = {03EFC4D4-ECC6-45AE-98CD-0550F60809C7}
		{19E0A6AC-D5AE-4B3C-9DAE-EBABEB1CC27A} = {FB244541-C06B-4C5A-B916-DEDE7B1BE2C5}
		{F0B4D7DE-0949-4CE6-B138-99F045A0C81A} = {03EFC4D4-ECC6-45AE-98CD-0550F60809C7}
	EndGlobalSection
	GlobalSection(ExtensibilityGlobals) = postSolution
		SolutionGuid = {FD246169-0175-47B6-8987-7F57BA2841CC}
	EndGlobalSection
EndGlobal
